
Microsoft Visual Studio Solution File, Format Version 11.00
# Visual Studio 2010
Project("{FAE04EC0-301F-11D3-BF4B-00C04F79EFBC}") = "Mytrip.Mvc", "Mytrip.Mvc\Mytrip.Mvc.csproj", "{500B9F85-6355-4306-AF88-D037DF561C5F}"
EndProject
Project("{FAE04EC0-301F-11D3-BF4B-00C04F79EFBC}") = "Mytrip.Votes", "Mytrip.Votes\Mytrip.Votes.csproj", "{51B48DC9-FA48-4121-98AD-1A33A4A6E38C}"
EndProject
Global
	GlobalSection(SolutionConfigurationPlatforms) = preSolution
		Debug|Any CPU = Debug|Any CPU
		Release|Any CPU = Release|Any CPU
	EndGlobalSection
	GlobalSection(ProjectConfigurationPlatforms) = postSolution
		{500B9F85-6355-4306-AF88-D037DF561C5F}.Debug|Any CPU.ActiveCfg = Debug|Any CPU
		{500B9F85-6355-4306-AF88-D037DF561C5F}.Debug|Any CPU.Build.0 = Debug|Any CPU
		{500B9F85-6355-4306-AF88-D037DF561C5F}.Release|Any CPU.ActiveCfg = Release|Any CPU
		{500B9F85-6355-4306-AF88-D037DF561C5F}.Release|Any CPU.Build.0 = Release|Any CPU
		{51B48DC9-FA48-4121-98AD-1A33A4A6E38C}.Debug|Any CPU.ActiveCfg = Debug|Any CPU
		{51B48DC9-FA48-4121-98AD-1A33A4A6E38C}.Debug|Any CPU.Build.0 = Debug|Any CPU
		{51B48DC9-FA48-4121-98AD-1A33A4A6E38C}.Release|Any CPU.ActiveCfg = Release|Any CPU
		{51B48DC9-FA48-4121-98AD-1A33A4A6E38C}.Release|Any CPU.Build.0 = Release|Any CPU
	EndGlobalSection
	GlobalSection(SolutionProperties) = preSolution
		HideSolutionNode = FALSE
	EndGlobalSection
EndGlobal
