
Microsoft Visual Studio Solution File, Format Version 11.00
# Visual Studio 2010
Project("{FAE04EC0-301F-11D3-BF4B-00C04F79EFBC}") = "Mytrip.Mvc", "Mytrip.Mvc\Mytrip.Mvc.csproj", "{500B9F85-6355-4306-AF88-D037DF561C5F}"
EndProject
Project("{FAE04EC0-301F-11D3-BF4B-00C04F79EFBC}") = "Mytrip.Rssparser", "Mytrip.Rssparser\Mytrip.Rssparser.csproj", "{3667EA50-4612-4E51-B3E2-B0E7E009469D}"
EndProject
Global
	GlobalSection(SolutionConfigurationPlatforms) = preSolution
		Debug|Any CPU = Debug|Any CPU
		Release|Any CPU = Release|Any CPU
	EndGlobalSection
	GlobalSection(ProjectConfigurationPlatforms) = postSolution
		{500B9F85-6355-4306-AF88-D037DF561C5F}.Debug|Any CPU.ActiveCfg = Debug|Any CPU
		{500B9F85-6355-4306-AF88-D037DF561C5F}.Debug|Any CPU.Build.0 = Debug|Any CPU
		{500B9F85-6355-4306-AF88-D037DF561C5F}.Release|Any CPU.ActiveCfg = Release|Any CPU
		{500B9F85-6355-4306-AF88-D037DF561C5F}.Release|Any CPU.Build.0 = Release|Any CPU
		{3667EA50-4612-4E51-B3E2-B0E7E009469D}.Debug|Any CPU.ActiveCfg = Debug|Any CPU
		{3667EA50-4612-4E51-B3E2-B0E7E009469D}.Debug|Any CPU.Build.0 = Debug|Any CPU
		{3667EA50-4612-4E51-B3E2-B0E7E009469D}.Release|Any CPU.ActiveCfg = Release|Any CPU
		{3667EA50-4612-4E51-B3E2-B0E7E009469D}.Release|Any CPU.Build.0 = Release|Any CPU
	EndGlobalSection
	GlobalSection(SolutionProperties) = preSolution
		HideSolutionNode = FALSE
	EndGlobalSection
EndGlobal
