
Microsoft Visual Studio Solution File, Format Version 10.00
# Visual Studio 2008
Project("{FAE04EC0-301F-11D3-BF4B-00C04F79EFBC}") = "Mytrip.Mvc.Model.Linq2sql", "Mytrip.Mvc.Model.Linq2sql\Mytrip.Mvc.Model.Linq2sql.csproj", "{C4599442-9984-44A8-94AB-57E637157924}"
EndProject
Project("{FAE04EC0-301F-11D3-BF4B-00C04F79EFBC}") = "Mytrip.Mvc.Web.Linq2sql", "Mytrip.Mvc.Web.Linq2sql\Mytrip.Mvc.Web.Linq2sql.csproj", "{5224215A-942F-4793-A36C-A1D37FA661A6}"
EndProject
Project("{FAE04EC0-301F-11D3-BF4B-00C04F79EFBC}") = "Mytrip.Mvc.Language", "Mytrip.Mvc.Language\Mytrip.Mvc.Language.csproj", "{BC2B824E-C79C-43C2-BEA4-6DE066032300}"
EndProject
Global
	GlobalSection(SolutionConfigurationPlatforms) = preSolution
		Debug|Any CPU = Debug|Any CPU
		Release|Any CPU = Release|Any CPU
	EndGlobalSection
	GlobalSection(ProjectConfigurationPlatforms) = postSolution
		{C4599442-9984-44A8-94AB-57E637157924}.Debug|Any CPU.ActiveCfg = Debug|Any CPU
		{C4599442-9984-44A8-94AB-57E637157924}.Debug|Any CPU.Build.0 = Debug|Any CPU
		{C4599442-9984-44A8-94AB-57E637157924}.Release|Any CPU.ActiveCfg = Release|Any CPU
		{C4599442-9984-44A8-94AB-57E637157924}.Release|Any CPU.Build.0 = Release|Any CPU
		{5224215A-942F-4793-A36C-A1D37FA661A6}.Debug|Any CPU.ActiveCfg = Debug|Any CPU
		{5224215A-942F-4793-A36C-A1D37FA661A6}.Debug|Any CPU.Build.0 = Debug|Any CPU
		{5224215A-942F-4793-A36C-A1D37FA661A6}.Release|Any CPU.ActiveCfg = Release|Any CPU
		{5224215A-942F-4793-A36C-A1D37FA661A6}.Release|Any CPU.Build.0 = Release|Any CPU
		{BC2B824E-C79C-43C2-BEA4-6DE066032300}.Debug|Any CPU.ActiveCfg = Debug|Any CPU
		{BC2B824E-C79C-43C2-BEA4-6DE066032300}.Debug|Any CPU.Build.0 = Debug|Any CPU
		{BC2B824E-C79C-43C2-BEA4-6DE066032300}.Release|Any CPU.ActiveCfg = Release|Any CPU
		{BC2B824E-C79C-43C2-BEA4-6DE066032300}.Release|Any CPU.Build.0 = Release|Any CPU
	EndGlobalSection
	GlobalSection(SolutionProperties) = preSolution
		HideSolutionNode = FALSE
	EndGlobalSection
EndGlobal
