
Microsoft Visual Studio Solution File, Format Version 11.00
# Visual Studio 2010
Project("{FAE04EC0-301F-11D3-BF4B-00C04F79EFBC}") = "Mytrip.Mvc", "Mytrip.Mvc\Mytrip.Mvc.csproj", "{8DE145C2-C1D1-4614-B935-FF58A76FAF6D}"
EndProject
Project("{FAE04EC0-301F-11D3-BF4B-00C04F79EFBC}") = "Mytrip.Articles", "Mytrip.Articles\Mytrip.Articles.csproj", "{7E815C96-ED61-4597-92DA-07B40D7C5D40}"
EndProject
Project("{FAE04EC0-301F-11D3-BF4B-00C04F79EFBC}") = "Mytrip.Core", "Mytrip.Core\Mytrip.Core.csproj", "{0DD56D20-CF71-4328-9CDF-B1D6215FCEE5}"
EndProject
Project("{FAE04EC0-301F-11D3-BF4B-00C04F79EFBC}") = "Mytrip.Votes", "Mytrip.Votes\Mytrip.Votes.csproj", "{51B48DC9-FA48-4121-98AD-1A33A4A6E38C}"
EndProject
Global
	GlobalSection(TeamFoundationVersionControl) = preSolution
		SccNumberOfProjects = 5
		SccEnterpriseProvider = {4CA58AB2-18FA-4F8D-95D4-32DDF27D184C}
		SccTeamFoundationServer = https://tfs02.codeplex.com/
		SccLocalPath0 = .
		SccProjectUniqueName1 = Mytrip.Mvc\\Mytrip.Mvc.csproj
		SccProjectName1 = Mytrip.Mvc
		SccLocalPath1 = Mytrip.Mvc
		SccProjectUniqueName2 = Mytrip.Articles\\Mytrip.Articles.csproj
		SccProjectName2 = Mytrip.Articles
		SccLocalPath2 = Mytrip.Articles
		SccProjectUniqueName3 = Mytrip.Core\\Mytrip.Core.csproj
		SccProjectName3 = Mytrip.Core
		SccLocalPath3 = Mytrip.Core
		SccProjectUniqueName4 = Mytrip.Votes\\Mytrip.Votes.csproj
		SccProjectName4 = Mytrip.Votes
		SccLocalPath4 = Mytrip.Votes
	EndGlobalSection
	GlobalSection(SolutionConfigurationPlatforms) = preSolution
		Debug|Any CPU = Debug|Any CPU
		Release|Any CPU = Release|Any CPU
	EndGlobalSection
	GlobalSection(ProjectConfigurationPlatforms) = postSolution
		{8DE145C2-C1D1-4614-B935-FF58A76FAF6D}.Debug|Any CPU.ActiveCfg = Debug|Any CPU
		{8DE145C2-C1D1-4614-B935-FF58A76FAF6D}.Debug|Any CPU.Build.0 = Debug|Any CPU
		{8DE145C2-C1D1-4614-B935-FF58A76FAF6D}.Release|Any CPU.ActiveCfg = Release|Any CPU
		{8DE145C2-C1D1-4614-B935-FF58A76FAF6D}.Release|Any CPU.Build.0 = Release|Any CPU
		{7E815C96-ED61-4597-92DA-07B40D7C5D40}.Debug|Any CPU.ActiveCfg = Debug|Any CPU
		{7E815C96-ED61-4597-92DA-07B40D7C5D40}.Debug|Any CPU.Build.0 = Debug|Any CPU
		{7E815C96-ED61-4597-92DA-07B40D7C5D40}.Release|Any CPU.ActiveCfg = Release|Any CPU
		{7E815C96-ED61-4597-92DA-07B40D7C5D40}.Release|Any CPU.Build.0 = Release|Any CPU
		{0DD56D20-CF71-4328-9CDF-B1D6215FCEE5}.Debug|Any CPU.ActiveCfg = Debug|Any CPU
		{0DD56D20-CF71-4328-9CDF-B1D6215FCEE5}.Debug|Any CPU.Build.0 = Debug|Any CPU
		{0DD56D20-CF71-4328-9CDF-B1D6215FCEE5}.Release|Any CPU.ActiveCfg = Release|Any CPU
		{0DD56D20-CF71-4328-9CDF-B1D6215FCEE5}.Release|Any CPU.Build.0 = Release|Any CPU
		{51B48DC9-FA48-4121-98AD-1A33A4A6E38C}.Debug|Any CPU.ActiveCfg = Debug|Any CPU
		{51B48DC9-FA48-4121-98AD-1A33A4A6E38C}.Debug|Any CPU.Build.0 = Debug|Any CPU
		{51B48DC9-FA48-4121-98AD-1A33A4A6E38C}.Release|Any CPU.ActiveCfg = Release|Any CPU
		{51B48DC9-FA48-4121-98AD-1A33A4A6E38C}.Release|Any CPU.Build.0 = Release|Any CPU
	EndGlobalSection
	GlobalSection(SolutionProperties) = preSolution
		HideSolutionNode = FALSE
	EndGlobalSection
EndGlobal
